
Microsoft Visual Studio Solution File, Format Version 12.00
# Visual Studio Version 17
VisualStudioVersion = 17.11.35219.272
MinimumVisualStudioVersion = 10.0.40219.1
Project("{FAE04EC0-301F-11D3-BF4B-00C04F79EFBC}") = "ArrayString", "ArrayString\ArrayString.csproj", "{950F78D8-A7FF-4D08-B1EA-37B9379DE903}"
EndProject
Project("{FAE04EC0-301F-11D3-BF4B-00C04F79EFBC}") = "ArrayStringTests", "ArrayStringTests\ArrayStringTests.csproj", "{DBA49E2A-4FFF-40A4-8CD3-3E944C0C9E69}"
EndProject
Global
	GlobalSection(SolutionConfigurationPlatforms) = preSolution
		Debug|Any CPU = Debug|Any CPU
		Release|Any CPU = Release|Any CPU
	EndGlobalSection
	GlobalSection(ProjectConfigurationPlatforms) = postSolution
		{950F78D8-A7FF-4D08-B1EA-37B9379DE903}.Debug|Any CPU.ActiveCfg = Debug|Any CPU
		{950F78D8-A7FF-4D08-B1EA-37B9379DE903}.Debug|Any CPU.Build.0 = Debug|Any CPU
		{950F78D8-A7FF-4D08-B1EA-37B9379DE903}.Release|Any CPU.ActiveCfg = Release|Any CPU
		{950F78D8-A7FF-4D08-B1EA-37B9379DE903}.Release|Any CPU.Build.0 = Release|Any CPU
		{DBA49E2A-4FFF-40A4-8CD3-3E944C0C9E69}.Debug|Any CPU.ActiveCfg = Debug|Any CPU
		{DBA49E2A-4FFF-40A4-8CD3-3E944C0C9E69}.Debug|Any CPU.Build.0 = Debug|Any CPU
		{DBA49E2A-4FFF-40A4-8CD3-3E944C0C9E69}.Release|Any CPU.ActiveCfg = Release|Any CPU
		{DBA49E2A-4FFF-40A4-8CD3-3E944C0C9E69}.Release|Any CPU.Build.0 = Release|Any CPU
	EndGlobalSection
	GlobalSection(SolutionProperties) = preSolution
		HideSolutionNode = FALSE
	EndGlobalSection
	GlobalSection(ExtensibilityGlobals) = postSolution
		SolutionGuid = {7D1922AE-44F8-41A9-9D78-57CEC7680FED}
	EndGlobalSection
EndGlobal
